
Microsoft Visual Studio Solution File, Format Version 12.00
# Visual Studio Version 17
VisualStudioVersion = 17.9.34728.123
MinimumVisualStudioVersion = 10.0.40219.1
Project("{FAE04EC0-301F-11D3-BF4B-00C04F79EFBC}") = "OrdenDeNumeros4838081", "OrdenDeNumeros4838081\OrdenDeNumeros4838081.csproj", "{F3A84D1B-AB2F-4A05-9184-DA7A55BC674A}"
EndProject
Global
	GlobalSection(SolutionConfigurationPlatforms) = preSolution
		Debug|Any CPU = Debug|Any CPU
		Release|Any CPU = Release|Any CPU
	EndGlobalSection
	GlobalSection(ProjectConfigurationPlatforms) = postSolution
		{F3A84D1B-AB2F-4A05-9184-DA7A55BC674A}.Debug|Any CPU.ActiveCfg = Debug|Any CPU
		{F3A84D1B-AB2F-4A05-9184-DA7A55BC674A}.Debug|Any CPU.Build.0 = Debug|Any CPU
		{F3A84D1B-AB2F-4A05-9184-DA7A55BC674A}.Debug|Any CPU.Deploy.0 = Debug|Any CPU
		{F3A84D1B-AB2F-4A05-9184-DA7A55BC674A}.Release|Any CPU.ActiveCfg = Release|Any CPU
		{F3A84D1B-AB2F-4A05-9184-DA7A55BC674A}.Release|Any CPU.Build.0 = Release|Any CPU
		{F3A84D1B-AB2F-4A05-9184-DA7A55BC674A}.Release|Any CPU.Deploy.0 = Release|Any CPU
	EndGlobalSection
	GlobalSection(SolutionProperties) = preSolution
		HideSolutionNode = FALSE
	EndGlobalSection
	GlobalSection(ExtensibilityGlobals) = postSolution
		SolutionGuid = {AB0CDDDC-43C3-42CC-9462-8A8E5BCE9DFF}
	EndGlobalSection
EndGlobal
